
Microsoft Visual Studio Solution File, Format Version 12.00
# Visual Studio 2015
Project("{FAE04EC0-301F-11D3-BF4B-00C04F79EFBC}") = "Ham Hands Prototype.Plugins", "Ham Hands Prototype.Plugins.csproj", "{998C0CF2-7C7D-6ED6-6C5C-C84997045ED8}"
EndProject
Project("{FAE04EC0-301F-11D3-BF4B-00C04F79EFBC}") = "Ham Hands Prototype", "Ham Hands Prototype.csproj", "{041C0EC1-E93D-2157-077A-DFA99DA67766}"
EndProject
Project("{FAE04EC0-301F-11D3-BF4B-00C04F79EFBC}") = "Ham Hands Prototype.Editor", "Ham Hands Prototype.Editor.csproj", "{F6311214-9469-541D-7AB1-CA4E88C23540}"
EndProject
Global
	GlobalSection(SolutionConfigurationPlatforms) = preSolution
		Debug|Any CPU = Debug|Any CPU
		Release|Any CPU = Release|Any CPU
	EndGlobalSection
	GlobalSection(ProjectConfigurationPlatforms) = postSolution
		{998C0CF2-7C7D-6ED6-6C5C-C84997045ED8}.Debug|Any CPU.ActiveCfg = Debug|Any CPU
		{998C0CF2-7C7D-6ED6-6C5C-C84997045ED8}.Debug|Any CPU.Build.0 = Debug|Any CPU
		{998C0CF2-7C7D-6ED6-6C5C-C84997045ED8}.Release|Any CPU.ActiveCfg = Release|Any CPU
		{998C0CF2-7C7D-6ED6-6C5C-C84997045ED8}.Release|Any CPU.Build.0 = Release|Any CPU
		{041C0EC1-E93D-2157-077A-DFA99DA67766}.Debug|Any CPU.ActiveCfg = Debug|Any CPU
		{041C0EC1-E93D-2157-077A-DFA99DA67766}.Debug|Any CPU.Build.0 = Debug|Any CPU
		{041C0EC1-E93D-2157-077A-DFA99DA67766}.Release|Any CPU.ActiveCfg = Release|Any CPU
		{041C0EC1-E93D-2157-077A-DFA99DA67766}.Release|Any CPU.Build.0 = Release|Any CPU
		{F6311214-9469-541D-7AB1-CA4E88C23540}.Debug|Any CPU.ActiveCfg = Debug|Any CPU
		{F6311214-9469-541D-7AB1-CA4E88C23540}.Debug|Any CPU.Build.0 = Debug|Any CPU
		{F6311214-9469-541D-7AB1-CA4E88C23540}.Release|Any CPU.ActiveCfg = Release|Any CPU
		{F6311214-9469-541D-7AB1-CA4E88C23540}.Release|Any CPU.Build.0 = Release|Any CPU
	EndGlobalSection
	GlobalSection(SolutionProperties) = preSolution
		HideSolutionNode = FALSE
	EndGlobalSection
EndGlobal
